
Microsoft Visual Studio Solution File, Format Version 12.00
# Visual Studio Version 16
VisualStudioVersion = 16.0.30204.135
MinimumVisualStudioVersion = 10.0.40219.1
Project("{FAE04EC0-301F-11D3-BF4B-00C04F79EFBC}") = "csharpUWP", "csharpUWP.csproj", "{F2CF6B09-05F4-423E-8F27-3866ABB45641}"
EndProject
Project("{8BC9CEB8-8B4A-11D0-8D11-00A0C91BC942}") = "Dll1", "Dll1\Dll1.vcxproj", "{36105CF4-710A-4E99-9AFA-49FC31A814F8}"
EndProject
Project("{8BC9CEB8-8B4A-11D0-8D11-00A0C91BC942}") = "Dll2", "Dll2\Dll2.vcxproj", "{70562249-90BD-45D4-A562-6F76C24A0709}"
EndProject
Global
	GlobalSection(SolutionConfigurationPlatforms) = preSolution
		Debug|ARM = Debug|ARM
		Debug|ARM64 = Debug|ARM64
		Debug|x64 = Debug|x64
		Debug|x86 = Debug|x86
		Release|ARM = Release|ARM
		Release|ARM64 = Release|ARM64
		Release|x64 = Release|x64
		Release|x86 = Release|x86
	EndGlobalSection
	GlobalSection(ProjectConfigurationPlatforms) = postSolution
		{F2CF6B09-05F4-423E-8F27-3866ABB45641}.Debug|ARM.ActiveCfg = Debug|ARM
		{F2CF6B09-05F4-423E-8F27-3866ABB45641}.Debug|ARM.Build.0 = Debug|ARM
		{F2CF6B09-05F4-423E-8F27-3866ABB45641}.Debug|ARM.Deploy.0 = Debug|ARM
		{F2CF6B09-05F4-423E-8F27-3866ABB45641}.Debug|ARM64.ActiveCfg = Debug|ARM64
		{F2CF6B09-05F4-423E-8F27-3866ABB45641}.Debug|ARM64.Build.0 = Debug|ARM64
		{F2CF6B09-05F4-423E-8F27-3866ABB45641}.Debug|ARM64.Deploy.0 = Debug|ARM64
		{F2CF6B09-05F4-423E-8F27-3866ABB45641}.Debug|x64.ActiveCfg = Debug|x64
		{F2CF6B09-05F4-423E-8F27-3866ABB45641}.Debug|x64.Build.0 = Debug|x64
		{F2CF6B09-05F4-423E-8F27-3866ABB45641}.Debug|x64.Deploy.0 = Debug|x64
		{F2CF6B09-05F4-423E-8F27-3866ABB45641}.Debug|x86.ActiveCfg = Debug|x86
		{F2CF6B09-05F4-423E-8F27-3866ABB45641}.Debug|x86.Build.0 = Debug|x86
		{F2CF6B09-05F4-423E-8F27-3866ABB45641}.Debug|x86.Deploy.0 = Debug|x86
		{F2CF6B09-05F4-423E-8F27-3866ABB45641}.Release|ARM.ActiveCfg = Release|ARM
		{F2CF6B09-05F4-423E-8F27-3866ABB45641}.Release|ARM.Build.0 = Release|ARM
		{F2CF6B09-05F4-423E-8F27-3866ABB45641}.Release|ARM.Deploy.0 = Release|ARM
		{F2CF6B09-05F4-423E-8F27-3866ABB45641}.Release|ARM64.ActiveCfg = Release|ARM64
		{F2CF6B09-05F4-423E-8F27-3866ABB45641}.Release|ARM64.Build.0 = Release|ARM64
		{F2CF6B09-05F4-423E-8F27-3866ABB45641}.Release|ARM64.Deploy.0 = Release|ARM64
		{F2CF6B09-05F4-423E-8F27-3866ABB45641}.Release|x64.ActiveCfg = Release|x64
		{F2CF6B09-05F4-423E-8F27-3866ABB45641}.Release|x64.Build.0 = Release|x64
		{F2CF6B09-05F4-423E-8F27-3866ABB45641}.Release|x64.Deploy.0 = Release|x64
		{F2CF6B09-05F4-423E-8F27-3866ABB45641}.Release|x86.ActiveCfg = Release|x86
		{F2CF6B09-05F4-423E-8F27-3866ABB45641}.Release|x86.Build.0 = Release|x86
		{F2CF6B09-05F4-423E-8F27-3866ABB45641}.Release|x86.Deploy.0 = Release|x86
		{36105CF4-710A-4E99-9AFA-49FC31A814F8}.Debug|ARM.ActiveCfg = Debug|Win32
		{36105CF4-710A-4E99-9AFA-49FC31A814F8}.Debug|ARM64.ActiveCfg = Debug|Win32
		{36105CF4-710A-4E99-9AFA-49FC31A814F8}.Debug|x64.ActiveCfg = Debug|x64
		{36105CF4-710A-4E99-9AFA-49FC31A814F8}.Debug|x64.Build.0 = Debug|x64
		{36105CF4-710A-4E99-9AFA-49FC31A814F8}.Debug|x86.ActiveCfg = Debug|Win32
		{36105CF4-710A-4E99-9AFA-49FC31A814F8}.Debug|x86.Build.0 = Debug|Win32
		{36105CF4-710A-4E99-9AFA-49FC31A814F8}.Release|ARM.ActiveCfg = Release|Win32
		{36105CF4-710A-4E99-9AFA-49FC31A814F8}.Release|ARM64.ActiveCfg = Release|Win32
		{36105CF4-710A-4E99-9AFA-49FC31A814F8}.Release|x64.ActiveCfg = Release|x64
		{36105CF4-710A-4E99-9AFA-49FC31A814F8}.Release|x64.Build.0 = Release|x64
		{36105CF4-710A-4E99-9AFA-49FC31A814F8}.Release|x86.ActiveCfg = Release|Win32
		{36105CF4-710A-4E99-9AFA-49FC31A814F8}.Release|x86.Build.0 = Release|Win32
		{70562249-90BD-45D4-A562-6F76C24A0709}.Debug|ARM.ActiveCfg = Debug|Win32
		{70562249-90BD-45D4-A562-6F76C24A0709}.Debug|ARM64.ActiveCfg = Debug|Win32
		{70562249-90BD-45D4-A562-6F76C24A0709}.Debug|x64.ActiveCfg = Debug|x64
		{70562249-90BD-45D4-A562-6F76C24A0709}.Debug|x64.Build.0 = Debug|x64
		{70562249-90BD-45D4-A562-6F76C24A0709}.Debug|x86.ActiveCfg = Debug|Win32
		{70562249-90BD-45D4-A562-6F76C24A0709}.Debug|x86.Build.0 = Debug|Win32
		{70562249-90BD-45D4-A562-6F76C24A0709}.Release|ARM.ActiveCfg = Release|Win32
		{70562249-90BD-45D4-A562-6F76C24A0709}.Release|ARM64.ActiveCfg = Release|Win32
		{70562249-90BD-45D4-A562-6F76C24A0709}.Release|x64.ActiveCfg = Release|x64
		{70562249-90BD-45D4-A562-6F76C24A0709}.Release|x64.Build.0 = Release|x64
		{70562249-90BD-45D4-A562-6F76C24A0709}.Release|x86.ActiveCfg = Release|Win32
		{70562249-90BD-45D4-A562-6F76C24A0709}.Release|x86.Build.0 = Release|Win32
	EndGlobalSection
	GlobalSection(SolutionProperties) = preSolution
		HideSolutionNode = FALSE
	EndGlobalSection
	GlobalSection(ExtensibilityGlobals) = postSolution
		SolutionGuid = {167CA1A4-0618-43DE-AB71-792E2D15E1B5}
	EndGlobalSection
EndGlobal
